{
  "nodes": {
    "cosmic-comp": {
      "flake": false,
      "locked": {
        "lastModified": 1789289655,
        "narHash": "sha256-LK4TLGdjZA5kDF4Q7YLqsvUMPMKRkgnH3UX0cvYjB08=",
        "owner": "Pheoxy",
        "repo": "cosmic-comp",
        "rev": "dacfec6b5774662bb67b11636b99206232a2f0a3",
        "type": "github"
      },
      "original": {
        "owner": "Pheoxy",
        "ref": "vulkan-renderer-e3d461a",
        "repo": "cosmic-comp",
        "type": "github"
      }
    },
    "cosmic-greeter": {
      "flake": false,
      "locked": {
        "lastModified": 1789296223,
        "narHash": "sha256-Ew8K5eH1MmeSM126U4SIUEHTv0lNis9x+pSgFn3JHs4=",
        "owner": "Pheoxy",
        "repo": "cosmic-greeter",
        "rev": "7e76893787a280e148f19c590fd24b63b1e58bc2",
        "type": "github"
      },
      "original": {
        "owner": "Pheoxy",
        "ref": "output-identity-edid-serial",
        "repo": "cosmic-greeter",
        "type": "github"
      }
    },
    "nixpkgs": {
      "locked": {
        "lastModified": 1789006805,
        "narHash": "sha256-xB8mKMOx1IA9vTDNLmJZ6n4wCMq/cuWBBOzGCRnqxrU=",
        "owner": "NixOS",
        "repo": "nixpkgs",
        "rev": "8ce4ef6cb6f871616146b9fe26d2a5ae594e94fe",
        "type": "github"
      },
      "original": {
        "owner": "NixOS",
        "ref": "nixos-unstable",
        "repo": "nixpkgs",
        "type": "github"
      }
    },
    "root": {
      "inputs": {
        "cosmic-comp": "cosmic-comp",
        "cosmic-greeter": "cosmic-greeter",
        "nixpkgs": "nixpkgs",
        "smithay": "smithay"
      }
    },
    "smithay": {
      "flake": false,
      "locked": {
        "lastModified": 1789231712,
        "narHash": "sha256-9tGtgG6OWomfER68a4jTu+zz+XgwkKPswoUQrZflXAM=",
        "owner": "Pheoxy",
        "repo": "smithay",
        "rev": "8175dede32ad4662afc387936f72e89e80d0d73c",
        "type": "github"
      },
      "original": {
        "owner": "Pheoxy",
        "ref": "add-vulkan-renderer-support-cosmic-e3d461a",
        "repo": "smithay",
        "type": "github"
      }
    }
  },
  "root": "root",
  "version": 7
}
