{
  "nodes": {
    "cosmic-comp": {
      "flake": false,
      "locked": {
        "lastModified": 1789289655,
        "narHash": "sha256-jr+UVHQd20lxUwwvZ3SF9W9JpQzcxkOTcs67772tv9A=",
        "owner": "Pheoxy",
        "repo": "cosmic-comp",
        "rev": "aa3a32000c4d452c7a8e820f713639ef3074d6ec",
        "type": "github"
      },
      "original": {
        "owner": "Pheoxy",
        "ref": "vulkan-renderer-e3d461a",
        "repo": "cosmic-comp",
        "type": "github"
      }
    },
    "cosmic-greeter": {
      "flake": false,
      "locked": {
        "lastModified": 1789313421,
        "narHash": "sha256-OjFOHlKWUltO0gLEjfFlLwlGY2L3sfrFVMxa4cH0UFM=",
        "owner": "Pheoxy",
        "repo": "cosmic-greeter",
        "rev": "0461c1d26b0eb20c21152b48c85ffe1864552235",
        "type": "github"
      },
      "original": {
        "owner": "Pheoxy",
        "ref": "output-identity-edid-serial",
        "repo": "cosmic-greeter",
        "type": "github"
      }
    },
    "nixpkgs": {
      "locked": {
        "lastModified": 1789006805,
        "narHash": "sha256-xB8mKMOx1IA9vTDNLmJZ6n4wCMq/cuWBBOzGCRnqxrU=",
        "owner": "NixOS",
        "repo": "nixpkgs",
        "rev": "8ce4ef6cb6f871616146b9fe26d2a5ae594e94fe",
        "type": "github"
      },
      "original": {
        "owner": "NixOS",
        "ref": "nixos-unstable",
        "repo": "nixpkgs",
        "type": "github"
      }
    },
    "root": {
      "inputs": {
        "cosmic-comp": "cosmic-comp",
        "cosmic-greeter": "cosmic-greeter",
        "nixpkgs": "nixpkgs",
        "smithay": "smithay"
      }
    },
    "smithay": {
      "flake": false,
      "locked": {
        "lastModified": 1789231712,
        "narHash": "sha256-9tGtgG6OWomfER68a4jTu+zz+XgwkKPswoUQrZflXAM=",
        "owner": "Pheoxy",
        "repo": "smithay",
        "rev": "686f7f977ac5cfc1429480f818836bff85743c9e",
        "type": "github"
      },
      "original": {
        "owner": "Pheoxy",
        "ref": "add-vulkan-renderer-support-cosmic-e3d461a",
        "repo": "smithay",
        "type": "github"
      }
    }
  },
  "root": "root",
  "version": 7
}
